// !$*UTF8*$!
{
	archiveVersion = 1;
	classes = {
	};
	objectVersion = 56;
	objects = {

/* Begin PBXBuildFile section */
		C70A25532C136D8500FFB6B7 /* ChatDetailView.swift in Sources */ = {isa = PBXBuildFile; fileRef = C70A25522C136D8500FFB6B7 /* ChatDetailView.swift */; };
		C70A25552C136DF100FFB6B7 /* UserChat.swift in Sources */ = {isa = PBXBuildFile; fileRef = C70A25542C136DF100FFB6B7 /* UserChat.swift */; };
		C76A0AF62C11DB3000427A40 /* HomeView.swift in Sources */ = {isa = PBXBuildFile; fileRef = C76A0AF52C11DB3000427A40 /* HomeView.swift */; };
		C76A0B012C121FA600427A40 /* ProfileView.swift in Sources */ = {isa = PBXBuildFile; fileRef = C76A0B002C121FA600427A40 /* ProfileView.swift */; };
		C76A0B032C121FC600427A40 /* ChatView.swift in Sources */ = {isa = PBXBuildFile; fileRef = C76A0B022C121FC600427A40 /* ChatView.swift */; };
		C7A14E2F2C10B25500362AB0 /* BuildrApp.swift in Sources */ = {isa = PBXBuildFile; fileRef = C7A14E2E2C10B25500362AB0 /* BuildrApp.swift */; };
		C7A14E312C10B25500362AB0 /* loginView.swift in Sources */ = {isa = PBXBuildFile; fileRef = C7A14E302C10B25500362AB0 /* loginView.swift */; };
		C7A14E332C10B25A00362AB0 /* Assets.xcassets in Resources */ = {isa = PBXBuildFile; fileRef = C7A14E322C10B25A00362AB0 /* Assets.xcassets */; };
		C7A14E362C10B25A00362AB0 /* Preview Assets.xcassets in Resources */ = {isa = PBXBuildFile; fileRef = C7A14E352C10B25A00362AB0 /* Preview Assets.xcassets */; };
		C7A14E402C10B25A00362AB0 /* BuildrTests.swift in Sources */ = {isa = PBXBuildFile; fileRef = C7A14E3F2C10B25A00362AB0 /* BuildrTests.swift */; };
		C7A14E4A2C10B25A00362AB0 /* BuildrUITests.swift in Sources */ = {isa = PBXBuildFile; fileRef = C7A14E492C10B25A00362AB0 /* BuildrUITests.swift */; };
		C7A14E4C2C10B25A00362AB0 /* BuildrUITestsLaunchTests.swift in Sources */ = {isa = PBXBuildFile; fileRef = C7A14E4B2C10B25A00362AB0 /* BuildrUITestsLaunchTests.swift */; };
		C7A2817E2C12E49E005DE2B5 /* AddPostView.swift in Sources */ = {isa = PBXBuildFile; fileRef = C7A2817D2C12E49D005DE2B5 /* AddPostView.swift */; };
		C7D6D0462C1490DC0041A2FB /* PostModel.swift in Sources */ = {isa = PBXBuildFile; fileRef = C7D6D0452C1490DC0041A2FB /* PostModel.swift */; };
		C7D6D0482C1493210041A2FB /* HomePageDetails.swift in Sources */ = {isa = PBXBuildFile; fileRef = C7D6D0472C1493210041A2FB /* HomePageDetails.swift */; };
		C7D6D04C2C15274B0041A2FB /* EventCard.swift in Sources */ = {isa = PBXBuildFile; fileRef = C7D6D04B2C15274A0041A2FB /* EventCard.swift */; };
		C7D6D04E2C1594960041A2FB /* SignUpView.swift in Sources */ = {isa = PBXBuildFile; fileRef = C7D6D04D2C1594950041A2FB /* SignUpView.swift */; };
		C7D6D0502C15BEE80041A2FB /* User.swift in Sources */ = {isa = PBXBuildFile; fileRef = C7D6D04F2C15BEE80041A2FB /* User.swift */; };
		C7D6D0522C15C0E20041A2FB /* UserProfileView.swift in Sources */ = {isa = PBXBuildFile; fileRef = C7D6D0512C15C0E20041A2FB /* UserProfileView.swift */; };
/* End PBXBuildFile section */

/* Begin PBXContainerItemProxy section */
		C7A14E3C2C10B25A00362AB0 /* PBXContainerItemProxy */ = {
			isa = PBXContainerItemProxy;
			containerPortal = C7A14E232C10B25500362AB0 /* Project object */;
			proxyType = 1;
			remoteGlobalIDString = C7A14E2A2C10B25500362AB0;
			remoteInfo = Buildr;
		};
		C7A14E462C10B25A00362AB0 /* PBXContainerItemProxy */ = {
			isa = PBXContainerItemProxy;
			containerPortal = C7A14E232C10B25500362AB0 /* Project object */;
			proxyType = 1;
			remoteGlobalIDString = C7A14E2A2C10B25500362AB0;
			remoteInfo = Buildr;
		};
/* End PBXContainerItemProxy section */

/* Begin PBXFileReference section */
		C70A25522C136D8500FFB6B7 /* ChatDetailView.swift */ = {isa = PBXFileReference; lastKnownFileType = sourcecode.swift; path = ChatDetailView.swift; sourceTree = "<group>"; };
		C70A25542C136DF100FFB6B7 /* UserChat.swift */ = {isa = PBXFileReference; lastKnownFileType = sourcecode.swift; path = UserChat.swift; sourceTree = "<group>"; };
		C76A0AF52C11DB3000427A40 /* HomeView.swift */ = {isa = PBXFileReference; lastKnownFileType = sourcecode.swift; path = HomeView.swift; sourceTree = "<group>"; };
		C76A0B002C121FA600427A40 /* ProfileView.swift */ = {isa = PBXFileReference; lastKnownFileType = sourcecode.swift; path = ProfileView.swift; sourceTree = "<group>"; };
		C76A0B022C121FC600427A40 /* ChatView.swift */ = {isa = PBXFileReference; lastKnownFileType = sourcecode.swift; path = ChatView.swift; sourceTree = "<group>"; };
		C7A14E2B2C10B25500362AB0 /* Buildr.app */ = {isa = PBXFileReference; explicitFileType = wrapper.application; includeInIndex = 0; path = Buildr.app; sourceTree = BUILT_PRODUCTS_DIR; };
		C7A14E2E2C10B25500362AB0 /* BuildrApp.swift */ = {isa = PBXFileReference; lastKnownFileType = sourcecode.swift; path = BuildrApp.swift; sourceTree = "<group>"; };
		C7A14E302C10B25500362AB0 /* loginView.swift */ = {isa = PBXFileReference; lastKnownFileType = sourcecode.swift; path = loginView.swift; sourceTree = "<group>"; };
		C7A14E322C10B25A00362AB0 /* Assets.xcassets */ = {isa = PBXFileReference; lastKnownFileType = folder.assetcatalog; path = Assets.xcassets; sourceTree = "<group>"; };
		C7A14E352C10B25A00362AB0 /* Preview Assets.xcassets */ = {isa = PBXFileReference; lastKnownFileType = folder.assetcatalog; path = "Preview Assets.xcassets"; sourceTree = "<group>"; };
		C7A14E3B2C10B25A00362AB0 /* BuildrTests.xctest */ = {isa = PBXFileReference; explicitFileType = wrapper.cfbundle; includeInIndex = 0; path = BuildrTests.xctest; sourceTree = BUILT_PRODUCTS_DIR; };
		C7A14E3F2C10B25A00362AB0 /* BuildrTests.swift */ = {isa = PBXFileReference; lastKnownFileType = sourcecode.swift; path = BuildrTests.swift; sourceTree = "<group>"; };
		C7A14E452C10B25A00362AB0 /* BuildrUITests.xctest */ = {isa = PBXFileReference; explicitFileType = wrapper.cfbundle; includeInIndex = 0; path = BuildrUITests.xctest; sourceTree = BUILT_PRODUCTS_DIR; };
		C7A14E492C10B25A00362AB0 /* BuildrUITests.swift */ = {isa = PBXFileReference; lastKnownFileType = sourcecode.swift; path = BuildrUITests.swift; sourceTree = "<group>"; };
		C7A14E4B2C10B25A00362AB0 /* BuildrUITestsLaunchTests.swift */ = {isa = PBXFileReference; lastKnownFileType = sourcecode.swift; path = BuildrUITestsLaunchTests.swift; sourceTree = "<group>"; };
		C7A2817D2C12E49D005DE2B5 /* AddPostView.swift */ = {isa = PBXFileReference; lastKnownFileType = sourcecode.swift; path = AddPostView.swift; sourceTree = "<group>"; };
		C7D6D0452C1490DC0041A2FB /* PostModel.swift */ = {isa = PBXFileReference; lastKnownFileType = sourcecode.swift; path = PostModel.swift; sourceTree = "<group>"; };
		C7D6D0472C1493210041A2FB /* HomePageDetails.swift */ = {isa = PBXFileReference; lastKnownFileType = sourcecode.swift; path = HomePageDetails.swift; sourceTree = "<group>"; };
		C7D6D04B2C15274A0041A2FB /* EventCard.swift */ = {isa = PBXFileReference; lastKnownFileType = sourcecode.swift; path = EventCard.swift; sourceTree = "<group>"; };
		C7D6D04D2C1594950041A2FB /* SignUpView.swift */ = {isa = PBXFileReference; lastKnownFileType = sourcecode.swift; path = SignUpView.swift; sourceTree = "<group>"; };
		C7D6D04F2C15BEE80041A2FB /* User.swift */ = {isa = PBXFileReference; lastKnownFileType = sourcecode.swift; path = User.swift; sourceTree = "<group>"; };
		C7D6D0512C15C0E20041A2FB /* UserProfileView.swift */ = {isa = PBXFileReference; lastKnownFileType = sourcecode.swift; path = UserProfileView.swift; sourceTree = "<group>"; };
/* End PBXFileReference section */

/* Begin PBXFrameworksBuildPhase section */
		C7A14E282C10B25500362AB0 /* Frameworks */ = {
			isa = PBXFrameworksBuildPhase;
			buildActionMask = 2147483647;
			files = (
			);
			runOnlyForDeploymentPostprocessing = 0;
		};
		C7A14E382C10B25A00362AB0 /* Frameworks */ = {
			isa = PBXFrameworksBuildPhase;
			buildActionMask = 2147483647;
			files = (
			);
			runOnlyForDeploymentPostprocessing = 0;
		};
		C7A14E422C10B25A00362AB0 /* Frameworks */ = {
			isa = PBXFrameworksBuildPhase;
			buildActionMask = 2147483647;
			files = (
			);
			runOnlyForDeploymentPostprocessing = 0;
		};
/* End PBXFrameworksBuildPhase section */

/* Begin PBXGroup section */
		C749BB882C131A2D001B8B3E /* Models */ = {
			isa = PBXGroup;
			children = (
				C70A25542C136DF100FFB6B7 /* UserChat.swift */,
				C7D6D04F2C15BEE80041A2FB /* User.swift */,
				C7D6D0452C1490DC0041A2FB /* PostModel.swift */,
			);
			path = Models;
			sourceTree = "<group>";
		};
		C76A0AF72C11DC8000427A40 /* View */ = {
			isa = PBXGroup;
			children = (
				C7A14E2E2C10B25500362AB0 /* BuildrApp.swift */,
				C7A14E302C10B25500362AB0 /* loginView.swift */,
				C7D6D04D2C1594950041A2FB /* SignUpView.swift */,
				C76A0AF52C11DB3000427A40 /* HomeView.swift */,
				C7D6D04B2C15274A0041A2FB /* EventCard.swift */,
				C7D6D0512C15C0E20041A2FB /* UserProfileView.swift */,
				C7D6D0472C1493210041A2FB /* HomePageDetails.swift */,
				C76A0B002C121FA600427A40 /* ProfileView.swift */,
				C76A0B022C121FC600427A40 /* ChatView.swift */,
				C70A25522C136D8500FFB6B7 /* ChatDetailView.swift */,
				C7A2817D2C12E49D005DE2B5 /* AddPostView.swift */,
			);
			path = View;
			sourceTree = "<group>";
		};
		C7A14E222C10B25500362AB0 = {
			isa = PBXGroup;
			children = (
				C7A14E2D2C10B25500362AB0 /* Buildr */,
				C7A14E3E2C10B25A00362AB0 /* BuildrTests */,
				C7A14E482C10B25A00362AB0 /* BuildrUITests */,
				C7A14E2C2C10B25500362AB0 /* Products */,
			);
			sourceTree = "<group>";
		};
		C7A14E2C2C10B25500362AB0 /* Products */ = {
			isa = PBXGroup;
			children = (
				C7A14E2B2C10B25500362AB0 /* Buildr.app */,
				C7A14E3B2C10B25A00362AB0 /* BuildrTests.xctest */,
				C7A14E452C10B25A00362AB0 /* BuildrUITests.xctest */,
			);
			name = Products;
			sourceTree = "<group>";
		};
		C7A14E2D2C10B25500362AB0 /* Buildr */ = {
			isa = PBXGroup;
			children = (
				C749BB882C131A2D001B8B3E /* Models */,
				C76A0AF72C11DC8000427A40 /* View */,
				C7A14E322C10B25A00362AB0 /* Assets.xcassets */,
				C7A14E342C10B25A00362AB0 /* Preview Content */,
			);
			path = Buildr;
			sourceTree = "<group>";
		};
		C7A14E342C10B25A00362AB0 /* Preview Content */ = {
			isa = PBXGroup;
			children = (
				C7A14E352C10B25A00362AB0 /* Preview Assets.xcassets */,
			);
			path = "Preview Content";
			sourceTree = "<group>";
		};
		C7A14E3E2C10B25A00362AB0 /* BuildrTests */ = {
			isa = PBXGroup;
			children = (
				C7A14E3F2C10B25A00362AB0 /* BuildrTests.swift */,
			);
			path = BuildrTests;
			sourceTree = "<group>";
		};
		C7A14E482C10B25A00362AB0 /* BuildrUITests */ = {
			isa = PBXGroup;
			children = (
				C7A14E492C10B25A00362AB0 /* BuildrUITests.swift */,
				C7A14E4B2C10B25A00362AB0 /* BuildrUITestsLaunchTests.swift */,
			);
			path = BuildrUITests;
			sourceTree = "<group>";
		};
/* End PBXGroup section */

/* Begin PBXNativeTarget section */
		C7A14E2A2C10B25500362AB0 /* Buildr */ = {
			isa = PBXNativeTarget;
			buildConfigurationList = C7A14E4F2C10B25A00362AB0 /* Build configuration list for PBXNativeTarget "Buildr" */;
			buildPhases = (
				C7A14E272C10B25500362AB0 /* Sources */,
				C7A14E282C10B25500362AB0 /* Frameworks */,
				C7A14E292C10B25500362AB0 /* Resources */,
			);
			buildRules = (
			);
			dependencies = (
			);
			name = Buildr;
			productName = Buildr;
			productReference = C7A14E2B2C10B25500362AB0 /* Buildr.app */;
			productType = "com.apple.product-type.application";
		};
		C7A14E3A2C10B25A00362AB0 /* BuildrTests */ = {
			isa = PBXNativeTarget;
			buildConfigurationList = C7A14E522C10B25A00362AB0 /* Build configuration list for PBXNativeTarget "BuildrTests" */;
			buildPhases = (
				C7A14E372C10B25A00362AB0 /* Sources */,
				C7A14E382C10B25A00362AB0 /* Frameworks */,
				C7A14E392C10B25A00362AB0 /* Resources */,
			);
			buildRules = (
			);
			dependencies = (
				C7A14E3D2C10B25A00362AB0 /* PBXTargetDependency */,
			);
			name = BuildrTests;
			productName = BuildrTests;
			productReference = C7A14E3B2C10B25A00362AB0 /* BuildrTests.xctest */;
			productType = "com.apple.product-type.bundle.unit-test";
		};
		C7A14E442C10B25A00362AB0 /* BuildrUITests */ = {
			isa = PBXNativeTarget;
			buildConfigurationList = C7A14E552C10B25A00362AB0 /* Build configuration list for PBXNativeTarget "BuildrUITests" */;
			buildPhases = (
				C7A14E412C10B25A00362AB0 /* Sources */,
				C7A14E422C10B25A00362AB0 /* Frameworks */,
				C7A14E432C10B25A00362AB0 /* Resources */,
			);
			buildRules = (
			);
			dependencies = (
				C7A14E472C10B25A00362AB0 /* PBXTargetDependency */,
			);
			name = BuildrUITests;
			productName = BuildrUITests;
			productReference = C7A14E452C10B25A00362AB0 /* BuildrUITests.xctest */;
			productType = "com.apple.product-type.bundle.ui-testing";
		};
/* End PBXNativeTarget section */

/* Begin PBXProject section */
		C7A14E232C10B25500362AB0 /* Project object */ = {
			isa = PBXProject;
			attributes = {
				BuildIndependentTargetsInParallel = 1;
				LastSwiftUpdateCheck = 1520;
				LastUpgradeCheck = 1520;
				TargetAttributes = {
					C7A14E2A2C10B25500362AB0 = {
						CreatedOnToolsVersion = 15.2;
					};
					C7A14E3A2C10B25A00362AB0 = {
						CreatedOnToolsVersion = 15.2;
						TestTargetID = C7A14E2A2C10B25500362AB0;
					};
					C7A14E442C10B25A00362AB0 = {
						CreatedOnToolsVersion = 15.2;
						TestTargetID = C7A14E2A2C10B25500362AB0;
					};
				};
			};
			buildConfigurationList = C7A14E262C10B25500362AB0 /* Build configuration list for PBXProject "Buildr" */;
			compatibilityVersion = "Xcode 14.0";
			developmentRegion = en;
			hasScannedForEncodings = 0;
			knownRegions = (
				en,
				Base,
			);
			mainGroup = C7A14E222C10B25500362AB0;
			productRefGroup = C7A14E2C2C10B25500362AB0 /* Products */;
			projectDirPath = "";
			projectRoot = "";
			targets = (
				C7A14E2A2C10B25500362AB0 /* Buildr */,
				C7A14E3A2C10B25A00362AB0 /* BuildrTests */,
				C7A14E442C10B25A00362AB0 /* BuildrUITests */,
			);
		};
/* End PBXProject section */

/* Begin PBXResourcesBuildPhase section */
		C7A14E292C10B25500362AB0 /* Resources */ = {
			isa = PBXResourcesBuildPhase;
			buildActionMask = 2147483647;
			files = (
				C7A14E362C10B25A00362AB0 /* Preview Assets.xcassets in Resources */,
				C7A14E332C10B25A00362AB0 /* Assets.xcassets in Resources */,
			);
			runOnlyForDeploymentPostprocessing = 0;
		};
		C7A14E392C10B25A00362AB0 /* Resources */ = {
			isa = PBXResourcesBuildPhase;
			buildActionMask = 2147483647;
			files = (
			);
			runOnlyForDeploymentPostprocessing = 0;
		};
		C7A14E432C10B25A00362AB0 /* Resources */ = {
			isa = PBXResourcesBuildPhase;
			buildActionMask = 2147483647;
			files = (
			);
			runOnlyForDeploymentPostprocessing = 0;
		};
/* End PBXResourcesBuildPhase section */

/* Begin PBXSourcesBuildPhase section */
		C7A14E272C10B25500362AB0 /* Sources */ = {
			isa = PBXSourcesBuildPhase;
			buildActionMask = 2147483647;
			files = (
				C70A25532C136D8500FFB6B7 /* ChatDetailView.swift in Sources */,
				C76A0AF62C11DB3000427A40 /* HomeView.swift in Sources */,
				C7D6D04C2C15274B0041A2FB /* EventCard.swift in Sources */,
				C7A2817E2C12E49E005DE2B5 /* AddPostView.swift in Sources */,
				C7A14E312C10B25500362AB0 /* loginView.swift in Sources */,
				C76A0B032C121FC600427A40 /* ChatView.swift in Sources */,
				C76A0B012C121FA600427A40 /* ProfileView.swift in Sources */,
				C7D6D0502C15BEE80041A2FB /* User.swift in Sources */,
				C7D6D0482C1493210041A2FB /* HomePageDetails.swift in Sources */,
				C70A25552C136DF100FFB6B7 /* UserChat.swift in Sources */,
				C7D6D0522C15C0E20041A2FB /* UserProfileView.swift in Sources */,
				C7D6D04E2C1594960041A2FB /* SignUpView.swift in Sources */,
				C7A14E2F2C10B25500362AB0 /* BuildrApp.swift in Sources */,
				C7D6D0462C1490DC0041A2FB /* PostModel.swift in Sources */,
			);
			runOnlyForDeploymentPostprocessing = 0;
		};
		C7A14E372C10B25A00362AB0 /* Sources */ = {
			isa = PBXSourcesBuildPhase;
			buildActionMask = 2147483647;
			files = (
				C7A14E402C10B25A00362AB0 /* BuildrTests.swift in Sources */,
			);
			runOnlyForDeploymentPostprocessing = 0;
		};
		C7A14E412C10B25A00362AB0 /* Sources */ = {
			isa = PBXSourcesBuildPhase;
			buildActionMask = 2147483647;
			files = (
				C7A14E4C2C10B25A00362AB0 /* BuildrUITestsLaunchTests.swift in Sources */,
				C7A14E4A2C10B25A00362AB0 /* BuildrUITests.swift in Sources */,
			);
			runOnlyForDeploymentPostprocessing = 0;
		};
/* End PBXSourcesBuildPhase section */

/* Begin PBXTargetDependency section */
		C7A14E3D2C10B25A00362AB0 /* PBXTargetDependency */ = {
			isa = PBXTargetDependency;
			target = C7A14E2A2C10B25500362AB0 /* Buildr */;
			targetProxy = C7A14E3C2C10B25A00362AB0 /* PBXContainerItemProxy */;
		};
		C7A14E472C10B25A00362AB0 /* PBXTargetDependency */ = {
			isa = PBXTargetDependency;
			target = C7A14E2A2C10B25500362AB0 /* Buildr */;
			targetProxy = C7A14E462C10B25A00362AB0 /* PBXContainerItemProxy */;
		};
/* End PBXTargetDependency section */

/* Begin XCBuildConfiguration section */
		C7A14E4D2C10B25A00362AB0 /* Debug */ = {
			isa = XCBuildConfiguration;
			buildSettings = {
				ALWAYS_SEARCH_USER_PATHS = NO;
				ASSETCATALOG_COMPILER_GENERATE_SWIFT_ASSET_SYMBOL_EXTENSIONS = YES;
				CLANG_ANALYZER_NONNULL = YES;
				CLANG_ANALYZER_NUMBER_OBJECT_CONVERSION = YES_AGGRESSIVE;
				CLANG_CXX_LANGUAGE_STANDARD = "gnu++20";
				CLANG_ENABLE_MODULES = YES;
				CLANG_ENABLE_OBJC_ARC = YES;
				CLANG_ENABLE_OBJC_WEAK = YES;
				CLANG_WARN_BLOCK_CAPTURE_AUTORELEASING = YES;
				CLANG_WARN_BOOL_CONVERSION = YES;
				CLANG_WARN_COMMA = YES;
				CLANG_WARN_CONSTANT_CONVERSION = YES;
				CLANG_WARN_DEPRECATED_OBJC_IMPLEMENTATIONS = YES;
				CLANG_WARN_DIRECT_OBJC_ISA_USAGE = YES_ERROR;
				CLANG_WARN_DOCUMENTATION_COMMENTS = YES;
				CLANG_WARN_EMPTY_BODY = YES;
				CLANG_WARN_ENUM_CONVERSION = YES;
				CLANG_WARN_INFINITE_RECURSION = YES;
				CLANG_WARN_INT_CONVERSION = YES;
				CLANG_WARN_NON_LITERAL_NULL_CONVERSION = YES;
				CLANG_WARN_OBJC_IMPLICIT_RETAIN_SELF = YES;
				CLANG_WARN_OBJC_LITERAL_CONVERSION = YES;
				CLANG_WARN_OBJC_ROOT_CLASS = YES_ERROR;
				CLANG_WARN_QUOTED_INCLUDE_IN_FRAMEWORK_HEADER = YES;
				CLANG_WARN_RANGE_LOOP_ANALYSIS = YES;
				CLANG_WARN_STRICT_PROTOTYPES = YES;
				CLANG_WARN_SUSPICIOUS_MOVE = YES;
				CLANG_WARN_UNGUARDED_AVAILABILITY = YES_AGGRESSIVE;
				CLANG_WARN_UNREACHABLE_CODE = YES;
				CLANG_WARN__DUPLICATE_METHOD_MATCH = YES;
				COPY_PHASE_STRIP = NO;
				DEBUG_INFORMATION_FORMAT = dwarf;
				ENABLE_STRICT_OBJC_MSGSEND = YES;
				ENABLE_TESTABILITY = YES;
				ENABLE_USER_SCRIPT_SANDBOXING = YES;
				GCC_C_LANGUAGE_STANDARD = gnu17;
				GCC_DYNAMIC_NO_PIC = NO;
				GCC_NO_COMMON_BLOCKS = YES;
				GCC_OPTIMIZATION_LEVEL = 0;
				GCC_PREPROCESSOR_DEFINITIONS = (
					"DEBUG=1",
					"$(inherited)",
				);
				GCC_WARN_64_TO_32_BIT_CONVERSION = YES;
				GCC_WARN_ABOUT_RETURN_TYPE = YES_ERROR;
				GCC_WARN_UNDECLARED_SELECTOR = YES;
				GCC_WARN_UNINITIALIZED_AUTOS = YES_AGGRESSIVE;
				GCC_WARN_UNUSED_FUNCTION = YES;
				GCC_WARN_UNUSED_VARIABLE = YES;
				IPHONEOS_DEPLOYMENT_TARGET = 17.2;
				LOCALIZATION_PREFERS_STRING_CATALOGS = YES;
				MTL_ENABLE_DEBUG_INFO = INCLUDE_SOURCE;
				MTL_FAST_MATH = YES;
				ONLY_ACTIVE_ARCH = YES;
				SDKROOT = iphoneos;
				SWIFT_ACTIVE_COMPILATION_CONDITIONS = "DEBUG $(inherited)";
				SWIFT_OPTIMIZATION_LEVEL = "-Onone";
			};
			name = Debug;
		};
		C7A14E4E2C10B25A00362AB0 /* Release */ = {
			isa = XCBuildConfiguration;
			buildSettings = {
				ALWAYS_SEARCH_USER_PATHS = NO;
				ASSETCATALOG_COMPILER_GENERATE_SWIFT_ASSET_SYMBOL_EXTENSIONS = YES;
				CLANG_ANALYZER_NONNULL = YES;
				CLANG_ANALYZER_NUMBER_OBJECT_CONVERSION = YES_AGGRESSIVE;
				CLANG_CXX_LANGUAGE_STANDARD = "gnu++20";
				CLANG_ENABLE_MODULES = YES;
				CLANG_ENABLE_OBJC_ARC = YES;
				CLANG_ENABLE_OBJC_WEAK = YES;
				CLANG_WARN_BLOCK_CAPTURE_AUTORELEASING = YES;
				CLANG_WARN_BOOL_CONVERSION = YES;
				CLANG_WARN_COMMA = YES;
				CLANG_WARN_CONSTANT_CONVERSION = YES;
				CLANG_WARN_DEPRECATED_OBJC_IMPLEMENTATIONS = YES;
				CLANG_WARN_DIRECT_OBJC_ISA_USAGE = YES_ERROR;
				CLANG_WARN_DOCUMENTATION_COMMENTS = YES;
				CLANG_WARN_EMPTY_BODY = YES;
				CLANG_WARN_ENUM_CONVERSION = YES;
				CLANG_WARN_INFINITE_RECURSION = YES;
				CLANG_WARN_INT_CONVERSION = YES;
				CLANG_WARN_NON_LITERAL_NULL_CONVERSION = YES;
				CLANG_WARN_OBJC_IMPLICIT_RETAIN_SELF = YES;
				CLANG_WARN_OBJC_LITERAL_CONVERSION = YES;
				CLANG_WARN_OBJC_ROOT_CLASS = YES_ERROR;
				CLANG_WARN_QUOTED_INCLUDE_IN_FRAMEWORK_HEADER = YES;
				CLANG_WARN_RANGE_LOOP_ANALYSIS = YES;
				CLANG_WARN_STRICT_PROTOTYPES = YES;
				CLANG_WARN_SUSPICIOUS_MOVE = YES;
				CLANG_WARN_UNGUARDED_AVAILABILITY = YES_AGGRESSIVE;
				CLANG_WARN_UNREACHABLE_CODE = YES;
				CLANG_WARN__DUPLICATE_METHOD_MATCH = YES;
				COPY_PHASE_STRIP = NO;
				DEBUG_INFORMATION_FORMAT = "dwarf-with-dsym";
				ENABLE_NS_ASSERTIONS = NO;
				ENABLE_STRICT_OBJC_MSGSEND = YES;
				ENABLE_USER_SCRIPT_SANDBOXING = YES;
				GCC_C_LANGUAGE_STANDARD = gnu17;
				GCC_NO_COMMON_BLOCKS = YES;
				GCC_WARN_64_TO_32_BIT_CONVERSION = YES;
				GCC_WARN_ABOUT_RETURN_TYPE = YES_ERROR;
				GCC_WARN_UNDECLARED_SELECTOR = YES;
				GCC_WARN_UNINITIALIZED_AUTOS = YES_AGGRESSIVE;
				GCC_WARN_UNUSED_FUNCTION = YES;
				GCC_WARN_UNUSED_VARIABLE = YES;
				IPHONEOS_DEPLOYMENT_TARGET = 17.2;
				LOCALIZATION_PREFERS_STRING_CATALOGS = YES;
				MTL_ENABLE_DEBUG_INFO = NO;
				MTL_FAST_MATH = YES;
				SDKROOT = iphoneos;
				SWIFT_COMPILATION_MODE = wholemodule;
				VALIDATE_PRODUCT = YES;
			};
			name = Release;
		};
		C7A14E502C10B25A00362AB0 /* Debug */ = {
			isa = XCBuildConfiguration;
			buildSettings = {
				ASSETCATALOG_COMPILER_APPICON_NAME = AppIcon;
				ASSETCATALOG_COMPILER_GLOBAL_ACCENT_COLOR_NAME = AccentColor;
				CODE_SIGN_STYLE = Automatic;
				CURRENT_PROJECT_VERSION = 1;
				DEVELOPMENT_ASSET_PATHS = "\"Buildr/Preview Content\"";
				DEVELOPMENT_TEAM = ZJ97UA4CA9;
				ENABLE_PREVIEWS = YES;
				GENERATE_INFOPLIST_FILE = YES;
				INFOPLIST_KEY_UIApplicationSceneManifest_Generation = YES;
				INFOPLIST_KEY_UIApplicationSupportsIndirectInputEvents = YES;
				INFOPLIST_KEY_UILaunchScreen_Generation = YES;
				INFOPLIST_KEY_UISupportedInterfaceOrientations_iPad = "UIInterfaceOrientationPortrait UIInterfaceOrientationPortraitUpsideDown UIInterfaceOrientationLandscapeLeft UIInterfaceOrientationLandscapeRight";
				INFOPLIST_KEY_UISupportedInterfaceOrientations_iPhone = "UIInterfaceOrientationPortrait UIInterfaceOrientationLandscapeLeft UIInterfaceOrientationLandscapeRight";
				LD_RUNPATH_SEARCH_PATHS = (
					"$(inherited)",
					"@executable_path/Frameworks",
				);
				MARKETING_VERSION = 1.0;
				PRODUCT_BUNDLE_IDENTIFIER = com.kynajain.Buildr;
				PRODUCT_NAME = "$(TARGET_NAME)";
				SWIFT_EMIT_LOC_STRINGS = YES;
				SWIFT_VERSION = 5.0;
				TARGETED_DEVICE_FAMILY = "1,2";
			};
			name = Debug;
		};
		C7A14E512C10B25A00362AB0 /* Release */ = {
			isa = XCBuildConfiguration;
			buildSettings = {
				ASSETCATALOG_COMPILER_APPICON_NAME = AppIcon;
				ASSETCATALOG_COMPILER_GLOBAL_ACCENT_COLOR_NAME = AccentColor;
				CODE_SIGN_STYLE = Automatic;
				CURRENT_PROJECT_VERSION = 1;
				DEVELOPMENT_ASSET_PATHS = "\"Buildr/Preview Content\"";
				DEVELOPMENT_TEAM = ZJ97UA4CA9;
				ENABLE_PREVIEWS = YES;
				GENERATE_INFOPLIST_FILE = YES;
				INFOPLIST_KEY_UIApplicationSceneManifest_Generation = YES;
				INFOPLIST_KEY_UIApplicationSupportsIndirectInputEvents = YES;
				INFOPLIST_KEY_UILaunchScreen_Generation = YES;
				INFOPLIST_KEY_UISupportedInterfaceOrientations_iPad = "UIInterfaceOrientationPortrait UIInterfaceOrientationPortraitUpsideDown UIInterfaceOrientationLandscapeLeft UIInterfaceOrientationLandscapeRight";
				INFOPLIST_KEY_UISupportedInterfaceOrientations_iPhone = "UIInterfaceOrientationPortrait UIInterfaceOrientationLandscapeLeft UIInterfaceOrientationLandscapeRight";
				LD_RUNPATH_SEARCH_PATHS = (
					"$(inherited)",
					"@executable_path/Frameworks",
				);
				MARKETING_VERSION = 1.0;
				PRODUCT_BUNDLE_IDENTIFIER = com.kynajain.Buildr;
				PRODUCT_NAME = "$(TARGET_NAME)";
				SWIFT_EMIT_LOC_STRINGS = YES;
				SWIFT_VERSION = 5.0;
				TARGETED_DEVICE_FAMILY = "1,2";
			};
			name = Release;
		};
		C7A14E532C10B25A00362AB0 /* Debug */ = {
			isa = XCBuildConfiguration;
			buildSettings = {
				ALWAYS_EMBED_SWIFT_STANDARD_LIBRARIES = YES;
				BUNDLE_LOADER = "$(TEST_HOST)";
				CODE_SIGN_STYLE = Automatic;
				CURRENT_PROJECT_VERSION = 1;
				GENERATE_INFOPLIST_FILE = YES;
				IPHONEOS_DEPLOYMENT_TARGET = 17.2;
				MARKETING_VERSION = 1.0;
				PRODUCT_BUNDLE_IDENTIFIER = com.kynajain.BuildrTests;
				PRODUCT_NAME = "$(TARGET_NAME)";
				SWIFT_EMIT_LOC_STRINGS = NO;
				SWIFT_VERSION = 5.0;
				TARGETED_DEVICE_FAMILY = "1,2";
				TEST_HOST = "$(BUILT_PRODUCTS_DIR)/Buildr.app/$(BUNDLE_EXECUTABLE_FOLDER_PATH)/Buildr";
			};
			name = Debug;
		};
		C7A14E542C10B25A00362AB0 /* Release */ = {
			isa = XCBuildConfiguration;
			buildSettings = {
				ALWAYS_EMBED_SWIFT_STANDARD_LIBRARIES = YES;
				BUNDLE_LOADER = "$(TEST_HOST)";
				CODE_SIGN_STYLE = Automatic;
				CURRENT_PROJECT_VERSION = 1;
				GENERATE_INFOPLIST_FILE = YES;
				IPHONEOS_DEPLOYMENT_TARGET = 17.2;
				MARKETING_VERSION = 1.0;
				PRODUCT_BUNDLE_IDENTIFIER = com.kynajain.BuildrTests;
				PRODUCT_NAME = "$(TARGET_NAME)";
				SWIFT_EMIT_LOC_STRINGS = NO;
				SWIFT_VERSION = 5.0;
				TARGETED_DEVICE_FAMILY = "1,2";
				TEST_HOST = "$(BUILT_PRODUCTS_DIR)/Buildr.app/$(BUNDLE_EXECUTABLE_FOLDER_PATH)/Buildr";
			};
			name = Release;
		};
		C7A14E562C10B25A00362AB0 /* Debug */ = {
			isa = XCBuildConfiguration;
			buildSettings = {
				ALWAYS_EMBED_SWIFT_STANDARD_LIBRARIES = YES;
				CODE_SIGN_STYLE = Automatic;
				CURRENT_PROJECT_VERSION = 1;
				GENERATE_INFOPLIST_FILE = YES;
				MARKETING_VERSION = 1.0;
				PRODUCT_BUNDLE_IDENTIFIER = com.kynajain.BuildrUITests;
				PRODUCT_NAME = "$(TARGET_NAME)";
				SWIFT_EMIT_LOC_STRINGS = NO;
				SWIFT_VERSION = 5.0;
				TARGETED_DEVICE_FAMILY = "1,2";
				TEST_TARGET_NAME = Buildr;
			};
			name = Debug;
		};
		C7A14E572C10B25A00362AB0 /* Release */ = {
			isa = XCBuildConfiguration;
			buildSettings = {
				ALWAYS_EMBED_SWIFT_STANDARD_LIBRARIES = YES;
				CODE_SIGN_STYLE = Automatic;
				CURRENT_PROJECT_VERSION = 1;
				GENERATE_INFOPLIST_FILE = YES;
				MARKETING_VERSION = 1.0;
				PRODUCT_BUNDLE_IDENTIFIER = com.kynajain.BuildrUITests;
				PRODUCT_NAME = "$(TARGET_NAME)";
				SWIFT_EMIT_LOC_STRINGS = NO;
				SWIFT_VERSION = 5.0;
				TARGETED_DEVICE_FAMILY = "1,2";
				TEST_TARGET_NAME = Buildr;
			};
			name = Release;
		};
/* End XCBuildConfiguration section */

/* Begin XCConfigurationList section */
		C7A14E262C10B25500362AB0 /* Build configuration list for PBXProject "Buildr" */ = {
			isa = XCConfigurationList;
			buildConfigurations = (
				C7A14E4D2C10B25A00362AB0 /* Debug */,
				C7A14E4E2C10B25A00362AB0 /* Release */,
			);
			defaultConfigurationIsVisible = 0;
			defaultConfigurationName = Release;
		};
		C7A14E4F2C10B25A00362AB0 /* Build configuration list for PBXNativeTarget "Buildr" */ = {
			isa = XCConfigurationList;
			buildConfigurations = (
				C7A14E502C10B25A00362AB0 /* Debug */,
				C7A14E512C10B25A00362AB0 /* Release */,
			);
			defaultConfigurationIsVisible = 0;
			defaultConfigurationName = Release;
		};
		C7A14E522C10B25A00362AB0 /* Build configuration list for PBXNativeTarget "BuildrTests" */ = {
			isa = XCConfigurationList;
			buildConfigurations = (
				C7A14E532C10B25A00362AB0 /* Debug */,
				C7A14E542C10B25A00362AB0 /* Release */,
			);
			defaultConfigurationIsVisible = 0;
			defaultConfigurationName = Release;
		};
		C7A14E552C10B25A00362AB0 /* Build configuration list for PBXNativeTarget "BuildrUITests" */ = {
			isa = XCConfigurationList;
			buildConfigurations = (
				C7A14E562C10B25A00362AB0 /* Debug */,
				C7A14E572C10B25A00362AB0 /* Release */,
			);
			defaultConfigurationIsVisible = 0;
			defaultConfigurationName = Release;
		};
/* End XCConfigurationList section */
	};
	rootObject = C7A14E232C10B25500362AB0 /* Project object */;
}
